
Microsoft Visual Studio Solution File, Format Version 12.00
# Visual Studio Version 16
VisualStudioVersion = 16.0.30225.117
MinimumVisualStudioVersion = 10.0.40219.1
Project("{9092AA53-FB77-4645-B42D-1CCCA6BD08BD}") = "test-e3ds", "test-e3ds\test-e3ds.njsproj", "{3E7F25BE-6963-4151-93B0-4C2A9A0E2253}"
EndProject
Global
	GlobalSection(SolutionConfigurationPlatforms) = preSolution
		Debug|Any CPU = Debug|Any CPU
		Release|Any CPU = Release|Any CPU
	EndGlobalSection
	GlobalSection(ProjectConfigurationPlatforms) = postSolution
		{3E7F25BE-6963-4151-93B0-4C2A9A0E2253}.Debug|Any CPU.ActiveCfg = Debug|Any CPU
		{3E7F25BE-6963-4151-93B0-4C2A9A0E2253}.Debug|Any CPU.Build.0 = Debug|Any CPU
		{3E7F25BE-6963-4151-93B0-4C2A9A0E2253}.Release|Any CPU.ActiveCfg = Release|Any CPU
		{3E7F25BE-6963-4151-93B0-4C2A9A0E2253}.Release|Any CPU.Build.0 = Release|Any CPU
	EndGlobalSection
	GlobalSection(SolutionProperties) = preSolution
		HideSolutionNode = FALSE
	EndGlobalSection
	GlobalSection(ExtensibilityGlobals) = postSolution
		SolutionGuid = {9338DC9C-09DE-42E4-9B5D-7533C5A13477}
	EndGlobalSection
EndGlobal
