
Microsoft Visual Studio Solution File, Format Version 12.00
# Visual Studio Version 16
VisualStudioVersion = 16.0.30225.117
MinimumVisualStudioVersion = 10.0.40219.1
Project("{FAE04EC0-301F-11D3-BF4B-00C04F79EFBC}") = "MLPractice", "MLPractice\MLPractice.csproj", "{DF631478-5E2F-4AAA-BB91-F7110BAE723C}"
EndProject
Project("{9A19103F-16F7-4668-BE54-9A1E7A4F7556}") = "MLPracticeML.Model", "MLPracticeML.Model\MLPracticeML.Model.csproj", "{D3A5DEA6-0BFD-4227-A673-2C4A8F910F4A}"
EndProject
Project("{9A19103F-16F7-4668-BE54-9A1E7A4F7556}") = "MLPracticeML.ConsoleApp", "MLPracticeML.ConsoleApp\MLPracticeML.ConsoleApp.csproj", "{77BBDB95-2DB6-41B3-87D7-B759C44E4D0E}"
EndProject
Global
	GlobalSection(SolutionConfigurationPlatforms) = preSolution
		Debug|Any CPU = Debug|Any CPU
		Release|Any CPU = Release|Any CPU
	EndGlobalSection
	GlobalSection(ProjectConfigurationPlatforms) = postSolution
		{DF631478-5E2F-4AAA-BB91-F7110BAE723C}.Debug|Any CPU.ActiveCfg = Debug|Any CPU
		{DF631478-5E2F-4AAA-BB91-F7110BAE723C}.Debug|Any CPU.Build.0 = Debug|Any CPU
		{DF631478-5E2F-4AAA-BB91-F7110BAE723C}.Release|Any CPU.ActiveCfg = Release|Any CPU
		{DF631478-5E2F-4AAA-BB91-F7110BAE723C}.Release|Any CPU.Build.0 = Release|Any CPU
		{D3A5DEA6-0BFD-4227-A673-2C4A8F910F4A}.Debug|Any CPU.ActiveCfg = Debug|Any CPU
		{D3A5DEA6-0BFD-4227-A673-2C4A8F910F4A}.Debug|Any CPU.Build.0 = Debug|Any CPU
		{D3A5DEA6-0BFD-4227-A673-2C4A8F910F4A}.Release|Any CPU.ActiveCfg = Release|Any CPU
		{D3A5DEA6-0BFD-4227-A673-2C4A8F910F4A}.Release|Any CPU.Build.0 = Release|Any CPU
		{77BBDB95-2DB6-41B3-87D7-B759C44E4D0E}.Debug|Any CPU.ActiveCfg = Debug|Any CPU
		{77BBDB95-2DB6-41B3-87D7-B759C44E4D0E}.Debug|Any CPU.Build.0 = Debug|Any CPU
		{77BBDB95-2DB6-41B3-87D7-B759C44E4D0E}.Release|Any CPU.ActiveCfg = Release|Any CPU
		{77BBDB95-2DB6-41B3-87D7-B759C44E4D0E}.Release|Any CPU.Build.0 = Release|Any CPU
	EndGlobalSection
	GlobalSection(SolutionProperties) = preSolution
		HideSolutionNode = FALSE
	EndGlobalSection
	GlobalSection(ExtensibilityGlobals) = postSolution
		SolutionGuid = {C0462114-ADEF-478A-B33D-8A4090352FAA}
	EndGlobalSection
EndGlobal
