
Microsoft Visual Studio Solution File, Format Version 12.00
# Visual Studio Version 16
VisualStudioVersion = 16.0.30225.117
MinimumVisualStudioVersion = 10.0.40219.1
Project("{FAE04EC0-301F-11D3-BF4B-00C04F79EFBC}") = "ImageLoad", "ImageLoad\ImageLoad.csproj", "{D10CCA9F-E3DE-4B65-8570-931F0ED4368C}"
EndProject
Global
	GlobalSection(SolutionConfigurationPlatforms) = preSolution
		Debug|Any CPU = Debug|Any CPU
		Release|Any CPU = Release|Any CPU
	EndGlobalSection
	GlobalSection(ProjectConfigurationPlatforms) = postSolution
		{D10CCA9F-E3DE-4B65-8570-931F0ED4368C}.Debug|Any CPU.ActiveCfg = Debug|Any CPU
		{D10CCA9F-E3DE-4B65-8570-931F0ED4368C}.Debug|Any CPU.Build.0 = Debug|Any CPU
		{D10CCA9F-E3DE-4B65-8570-931F0ED4368C}.Release|Any CPU.ActiveCfg = Release|Any CPU
		{D10CCA9F-E3DE-4B65-8570-931F0ED4368C}.Release|Any CPU.Build.0 = Release|Any CPU
	EndGlobalSection
	GlobalSection(SolutionProperties) = preSolution
		HideSolutionNode = FALSE
	EndGlobalSection
	GlobalSection(ExtensibilityGlobals) = postSolution
		SolutionGuid = {E0EBF9AA-75B3-47A8-9B97-11F35628F541}
	EndGlobalSection
EndGlobal
